
Microsoft Visual Studio Solution File, Format Version 12.00
# Visual Studio Version 16
VisualStudioVersion = 16.0.29230.47
MinimumVisualStudioVersion = 10.0.40219.1
Project("{FAE04EC0-301F-11D3-BF4B-00C04F79EFBC}") = "MEMO.WebAPI", "MEMO.WebAPI\MEMO.WebAPI.csproj", "{932768AC-2BA5-4F7F-89B2-729C993FB8F4}"
EndProject
Project("{FAE04EC0-301F-11D3-BF4B-00C04F79EFBC}") = "MEMO.DAL", "MEMO.DAL\MEMO.DAL.csproj", "{BCE51BEA-4BBA-4250-A6DD-0C351416EAB2}"
EndProject
Project("{FAE04EC0-301F-11D3-BF4B-00C04F79EFBC}") = "MEMO.BLL", "MEMO.BLL\MEMO.BLL.csproj", "{0BC80C46-B3B1-45BE-BA8F-C4DFA90B3E09}"
EndProject
Global
	GlobalSection(SolutionConfigurationPlatforms) = preSolution
		Debug|Any CPU = Debug|Any CPU
		Release|Any CPU = Release|Any CPU
	EndGlobalSection
	GlobalSection(ProjectConfigurationPlatforms) = postSolution
		{932768AC-2BA5-4F7F-89B2-729C993FB8F4}.Debug|Any CPU.ActiveCfg = Debug|Any CPU
		{932768AC-2BA5-4F7F-89B2-729C993FB8F4}.Debug|Any CPU.Build.0 = Debug|Any CPU
		{932768AC-2BA5-4F7F-89B2-729C993FB8F4}.Release|Any CPU.ActiveCfg = Release|Any CPU
		{932768AC-2BA5-4F7F-89B2-729C993FB8F4}.Release|Any CPU.Build.0 = Release|Any CPU
		{BCE51BEA-4BBA-4250-A6DD-0C351416EAB2}.Debug|Any CPU.ActiveCfg = Debug|Any CPU
		{BCE51BEA-4BBA-4250-A6DD-0C351416EAB2}.Debug|Any CPU.Build.0 = Debug|Any CPU
		{BCE51BEA-4BBA-4250-A6DD-0C351416EAB2}.Release|Any CPU.ActiveCfg = Release|Any CPU
		{BCE51BEA-4BBA-4250-A6DD-0C351416EAB2}.Release|Any CPU.Build.0 = Release|Any CPU
		{0BC80C46-B3B1-45BE-BA8F-C4DFA90B3E09}.Debug|Any CPU.ActiveCfg = Debug|Any CPU
		{0BC80C46-B3B1-45BE-BA8F-C4DFA90B3E09}.Debug|Any CPU.Build.0 = Debug|Any CPU
		{0BC80C46-B3B1-45BE-BA8F-C4DFA90B3E09}.Release|Any CPU.ActiveCfg = Release|Any CPU
		{0BC80C46-B3B1-45BE-BA8F-C4DFA90B3E09}.Release|Any CPU.Build.0 = Release|Any CPU
	EndGlobalSection
	GlobalSection(SolutionProperties) = preSolution
		HideSolutionNode = FALSE
	EndGlobalSection
	GlobalSection(ExtensibilityGlobals) = postSolution
		SolutionGuid = {6725B232-EDDD-4BA1-8689-0163A2E11452}
	EndGlobalSection
EndGlobal
